{
  "version": 4,
  "terraform_version": "0.12.5",
  "serial": 13,
  "lineage": "526ff9b3-d9f6-addf-1f07-89f7c6da4574",
  "outputs": {},
  "resources": [
    {
      "mode": "data",
      "type": "vsphere_datacenter",
      "name": "dc",
      "provider": "provider.vsphere",
      "instances": [
        {
          "schema_version": 0,
          "attributes": {
            "id": "datacenter-2",
            "name": "DC"
          }
        }
      ]
    },
    {
      "mode": "data",
      "type": "vsphere_datastore",
      "name": "datastore",
      "provider": "provider.vsphere",
      "instances": [
        {
          "schema_version": 0,
          "attributes": {
            "datacenter_id": "datacenter-2",
            "id": "datastore-11",
            "name": "DS"
          },
          "depends_on": [
            "data.vsphere_datacenter.dc"
          ]
        }
      ]
    },
    {
      "mode": "data",
      "type": "vsphere_network",
      "name": "network",
      "provider": "provider.vsphere",
      "instances": [
        {
          "schema_version": 0,
          "attributes": {
            "datacenter_id": "datacenter-2",
            "id": "network-12",
            "name": "VM Network",
            "type": "Network"
          },
          "depends_on": [
            "data.vsphere_datacenter.dc"
          ]
        }
      ]
    },
    {
      "mode": "data",
      "type": "vsphere_resource_pool",
      "name": "pool",
      "provider": "provider.vsphere",
      "instances": [
        {
          "schema_version": 0,
          "attributes": {
            "datacenter_id": "datacenter-2",
            "id": "resgroup-20",
            "name": "TF"
          },
          "depends_on": [
            "data.vsphere_datacenter.dc"
          ]
        }
      ]
    },
    {
      "mode": "data",
      "type": "vsphere_virtual_machine",
      "name": "centostpl",
      "provider": "provider.vsphere",
      "instances": [
        {
          "schema_version": 0,
          "attributes": {
            "alternate_guest_name": "",
            "datacenter_id": "datacenter-2",
            "disks": [
              {
                "eagerly_scrub": false,
                "size": 30,
                "thin_provisioned": false
              }
            ],
            "firmware": "bios",
            "guest_id": "centos7_64Guest",
            "id": "420d58a4-1f19-8482-78ac-e8fcc61050f7",
            "name": "centos7tpl",
            "network_interface_types": [
              "vmxnet3"
            ],
            "scsi_bus_sharing": "noSharing",
            "scsi_controller_scan_count": 1,
            "scsi_type": "pvscsi"
          },
          "depends_on": [
            "data.vsphere_datacenter.dc"
          ]
        }
      ]
    },
    {
      "mode": "data",
      "type": "vsphere_virtual_machine",
      "name": "rheltpl",
      "provider": "provider.vsphere",
      "instances": [
        {
          "schema_version": 0,
          "attributes": {
            "alternate_guest_name": "",
            "datacenter_id": "datacenter-2",
            "disks": [
              {
                "eagerly_scrub": false,
                "size": 30,
                "thin_provisioned": false
              }
            ],
            "firmware": "bios",
            "guest_id": "rhel7_64Guest",
            "id": "564dc512-4642-46b3-ed40-d2f0a42a4f46",
            "name": "rhel7tpl",
            "network_interface_types": [
              "vmxnet3"
            ],
            "scsi_bus_sharing": "noSharing",
            "scsi_controller_scan_count": 1,
            "scsi_type": "pvscsi"
          },
          "depends_on": [
            "data.vsphere_datacenter.dc"
          ]
        }
      ]
    },
    {
      "mode": "managed",
      "type": "vsphere_virtual_machine",
      "name": "app",
      "each": "list",
      "provider": "provider.vsphere",
      "instances": [
        {
          "index_key": 0,
          "schema_version": 3,
          "attributes": {
            "alternate_guest_name": "",
            "annotation": "",
            "boot_delay": 0,
            "boot_retry_delay": 10000,
            "boot_retry_enabled": false,
            "cdrom": [],
            "change_version": "2019-10-14T20:17:57.081383Z",
            "clone": [
              {
                "customize": [
                  {
                    "dns_server_list": [
                      "192.168.1.10"
                    ],
                    "dns_suffix_list": [
                      "home.lab"
                    ],
                    "ipv4_gateway": "192.168.1.1",
                    "ipv6_gateway": "",
                    "linux_options": [
                      {
                        "domain": "home.lab",
                        "host_name": "app1",
                        "hw_clock_utc": true,
                        "time_zone": ""
                      }
                    ],
                    "network_interface": [
                      {
                        "dns_domain": "",
                        "dns_server_list": null,
                        "ipv4_address": "192.168.1.22",
                        "ipv4_netmask": 24,
                        "ipv6_address": "",
                        "ipv6_netmask": 0
                      }
                    ],
                    "timeout": 10,
                    "windows_options": [],
                    "windows_sysprep_text": ""
                  }
                ],
                "linked_clone": false,
                "template_uuid": "564dc512-4642-46b3-ed40-d2f0a42a4f46",
                "timeout": 30
              }
            ],
            "cpu_hot_add_enabled": false,
            "cpu_hot_remove_enabled": false,
            "cpu_limit": -1,
            "cpu_performance_counters_enabled": false,
            "cpu_reservation": 0,
            "cpu_share_count": 4000,
            "cpu_share_level": "normal",
            "custom_attributes": null,
            "datastore_cluster_id": null,
            "datastore_id": "datastore-11",
            "default_ip_address": "192.168.1.22",
            "disk": [
              {
                "attach": false,
                "datastore_id": "datastore-11",
                "device_address": "scsi:0:0",
                "disk_mode": "persistent",
                "disk_sharing": "sharingNone",
                "eagerly_scrub": false,
                "io_limit": -1,
                "io_reservation": 0,
                "io_share_count": 1000,
                "io_share_level": "normal",
                "keep_on_remove": false,
                "key": 2000,
                "label": "disk0",
                "name": "",
                "path": "app1/app1.vmdk",
                "size": 30,
                "thin_provisioned": false,
                "unit_number": 0,
                "uuid": "6000C29e-11aa-2d69-d599-4f7b63075d34",
                "write_through": false
              },
              {
                "attach": false,
                "datastore_id": "datastore-11",
                "device_address": "scsi:0:1",
                "disk_mode": "persistent",
                "disk_sharing": "sharingNone",
                "eagerly_scrub": false,
                "io_limit": -1,
                "io_reservation": 0,
                "io_share_count": 1000,
                "io_share_level": "normal",
                "keep_on_remove": false,
                "key": 2001,
                "label": "disk1",
                "name": "",
                "path": "app1/app1_1.vmdk",
                "size": 25,
                "thin_provisioned": true,
                "unit_number": 1,
                "uuid": "6000C296-adda-16ed-182e-f90f0708648b",
                "write_through": false
              }
            ],
            "efi_secure_boot_enabled": false,
            "enable_disk_uuid": false,
            "enable_logging": false,
            "ept_rvi_mode": "automatic",
            "extra_config": null,
            "firmware": "bios",
            "folder": "OPENSHIFTv311",
            "force_power_off": true,
            "guest_id": "rhel7_64Guest",
            "guest_ip_addresses": [
              "192.168.1.22",
              "fe80::250:56ff:fe8d:61e3"
            ],
            "host_system_id": "host-10",
            "hv_mode": "hvAuto",
            "id": "420d8216-3b2f-bea8-6934-465482eb6a8e",
            "ignored_guest_ips": null,
            "imported": null,
            "latency_sensitivity": "normal",
            "memory": 8192,
            "memory_hot_add_enabled": false,
            "memory_limit": -1,
            "memory_reservation": 0,
            "memory_share_count": 81920,
            "memory_share_level": "normal",
            "migrate_wait_timeout": 30,
            "moid": "vm-95",
            "name": "app1",
            "nested_hv_enabled": false,
            "network_interface": [
              {
                "adapter_type": "vmxnet3",
                "bandwidth_limit": -1,
                "bandwidth_reservation": 0,
                "bandwidth_share_count": 50,
                "bandwidth_share_level": "normal",
                "device_address": "pci:0:7",
                "key": 4000,
                "mac_address": "00:50:56:8d:61:e3",
                "network_id": "network-12",
                "use_static_mac": false
              }
            ],
            "num_cores_per_socket": 1,
            "num_cpus": 4,
            "reboot_required": false,
            "resource_pool_id": "resgroup-20",
            "run_tools_scripts_after_power_on": true,
            "run_tools_scripts_after_resume": true,
            "run_tools_scripts_before_guest_reboot": false,
            "run_tools_scripts_before_guest_shutdown": true,
            "run_tools_scripts_before_guest_standby": true,
            "scsi_bus_sharing": "noSharing",
            "scsi_controller_count": 1,
            "scsi_type": "pvscsi",
            "shutdown_wait_timeout": 3,
            "swap_placement_policy": "inherit",
            "sync_time_with_host": false,
            "tags": null,
            "uuid": "420d8216-3b2f-bea8-6934-465482eb6a8e",
            "vapp": [],
            "vapp_transport": [],
            "vmware_tools_status": "guestToolsRunning",
            "vmx_path": "app1/app1.vmx",
            "wait_for_guest_ip_timeout": 0,
            "wait_for_guest_net_routable": true,
            "wait_for_guest_net_timeout": 5
          },
          "private": "eyJzY2hlbWFfdmVyc2lvbiI6IjMifQ==",
          "depends_on": [
            "data.vsphere_datastore.datastore",
            "data.vsphere_network.network",
            "data.vsphere_resource_pool.pool",
            "data.vsphere_virtual_machine.rheltpl"
          ]
        },
        {
          "index_key": 1,
          "schema_version": 3,
          "attributes": {
            "alternate_guest_name": "",
            "annotation": "",
            "boot_delay": 0,
            "boot_retry_delay": 10000,
            "boot_retry_enabled": false,
            "cdrom": [],
            "change_version": "2019-10-14T20:12:15.361887Z",
            "clone": [
              {
                "customize": [
                  {
                    "dns_server_list": [
                      "192.168.1.10"
                    ],
                    "dns_suffix_list": [
                      "home.lab"
                    ],
                    "ipv4_gateway": "192.168.1.1",
                    "ipv6_gateway": "",
                    "linux_options": [
                      {
                        "domain": "home.lab",
                        "host_name": "app2",
                        "hw_clock_utc": true,
                        "time_zone": ""
                      }
                    ],
                    "network_interface": [
                      {
                        "dns_domain": "",
                        "dns_server_list": null,
                        "ipv4_address": "192.168.1.23",
                        "ipv4_netmask": 24,
                        "ipv6_address": "",
                        "ipv6_netmask": 0
                      }
                    ],
                    "timeout": 10,
                    "windows_options": [],
                    "windows_sysprep_text": ""
                  }
                ],
                "linked_clone": false,
                "template_uuid": "564dc512-4642-46b3-ed40-d2f0a42a4f46",
                "timeout": 30
              }
            ],
            "cpu_hot_add_enabled": false,
            "cpu_hot_remove_enabled": false,
            "cpu_limit": -1,
            "cpu_performance_counters_enabled": false,
            "cpu_reservation": 0,
            "cpu_share_count": 4000,
            "cpu_share_level": "normal",
            "custom_attributes": null,
            "datastore_cluster_id": null,
            "datastore_id": "datastore-11",
            "default_ip_address": "192.168.1.23",
            "disk": [
              {
                "attach": false,
                "datastore_id": "datastore-11",
                "device_address": "scsi:0:0",
                "disk_mode": "persistent",
                "disk_sharing": "sharingNone",
                "eagerly_scrub": false,
                "io_limit": -1,
                "io_reservation": 0,
                "io_share_count": 1000,
                "io_share_level": "normal",
                "keep_on_remove": false,
                "key": 2000,
                "label": "disk0",
                "name": "",
                "path": "app2/app2.vmdk",
                "size": 30,
                "thin_provisioned": false,
                "unit_number": 0,
                "uuid": "6000C294-8fc3-1637-0f2f-cc90cdc10610",
                "write_through": false
              },
              {
                "attach": false,
                "datastore_id": "datastore-11",
                "device_address": "scsi:0:1",
                "disk_mode": "persistent",
                "disk_sharing": "sharingNone",
                "eagerly_scrub": false,
                "io_limit": -1,
                "io_reservation": 0,
                "io_share_count": 1000,
                "io_share_level": "normal",
                "keep_on_remove": false,
                "key": 2001,
                "label": "disk1",
                "name": "",
                "path": "app2/app2_1.vmdk",
                "size": 25,
                "thin_provisioned": true,
                "unit_number": 1,
                "uuid": "6000C291-b66a-b08d-53b8-f5d6188188b9",
                "write_through": false
              }
            ],
            "efi_secure_boot_enabled": false,
            "enable_disk_uuid": false,
            "enable_logging": false,
            "ept_rvi_mode": "automatic",
            "extra_config": null,
            "firmware": "bios",
            "folder": "OPENSHIFTv311",
            "force_power_off": true,
            "guest_id": "rhel7_64Guest",
            "guest_ip_addresses": [
              "192.168.1.23",
              "fe80::250:56ff:fe8d:b2f5"
            ],
            "host_system_id": "host-10",
            "hv_mode": "hvAuto",
            "id": "420d1e65-d88e-d446-86c8-592436c3309f",
            "ignored_guest_ips": null,
            "imported": null,
            "latency_sensitivity": "normal",
            "memory": 8192,
            "memory_hot_add_enabled": false,
            "memory_limit": -1,
            "memory_reservation": 0,
            "memory_share_count": 81920,
            "memory_share_level": "normal",
            "migrate_wait_timeout": 30,
            "moid": "vm-89",
            "name": "app2",
            "nested_hv_enabled": false,
            "network_interface": [
              {
                "adapter_type": "vmxnet3",
                "bandwidth_limit": -1,
                "bandwidth_reservation": 0,
                "bandwidth_share_count": 50,
                "bandwidth_share_level": "normal",
                "device_address": "pci:0:7",
                "key": 4000,
                "mac_address": "00:50:56:8d:b2:f5",
                "network_id": "network-12",
                "use_static_mac": false
              }
            ],
            "num_cores_per_socket": 1,
            "num_cpus": 4,
            "reboot_required": false,
            "resource_pool_id": "resgroup-20",
            "run_tools_scripts_after_power_on": true,
            "run_tools_scripts_after_resume": true,
            "run_tools_scripts_before_guest_reboot": false,
            "run_tools_scripts_before_guest_shutdown": true,
            "run_tools_scripts_before_guest_standby": true,
            "scsi_bus_sharing": "noSharing",
            "scsi_controller_count": 1,
            "scsi_type": "pvscsi",
            "shutdown_wait_timeout": 3,
            "swap_placement_policy": "inherit",
            "sync_time_with_host": false,
            "tags": null,
            "uuid": "420d1e65-d88e-d446-86c8-592436c3309f",
            "vapp": [],
            "vapp_transport": [],
            "vmware_tools_status": "guestToolsRunning",
            "vmx_path": "app2/app2.vmx",
            "wait_for_guest_ip_timeout": 0,
            "wait_for_guest_net_routable": true,
            "wait_for_guest_net_timeout": 5
          },
          "private": "eyJzY2hlbWFfdmVyc2lvbiI6IjMifQ==",
          "depends_on": [
            "data.vsphere_datastore.datastore",
            "data.vsphere_network.network",
            "data.vsphere_resource_pool.pool",
            "data.vsphere_virtual_machine.rheltpl"
          ]
        },
        {
          "index_key": 2,
          "schema_version": 3,
          "attributes": {
            "alternate_guest_name": "",
            "annotation": "",
            "boot_delay": 0,
            "boot_retry_delay": 10000,
            "boot_retry_enabled": false,
            "cdrom": [],
            "change_version": "2019-10-14T20:12:19.547385Z",
            "clone": [
              {
                "customize": [
                  {
                    "dns_server_list": [
                      "192.168.1.10"
                    ],
                    "dns_suffix_list": [
                      "home.lab"
                    ],
                    "ipv4_gateway": "192.168.1.1",
                    "ipv6_gateway": "",
                    "linux_options": [
                      {
                        "domain": "home.lab",
                        "host_name": "app3",
                        "hw_clock_utc": true,
                        "time_zone": ""
                      }
                    ],
                    "network_interface": [
                      {
                        "dns_domain": "",
                        "dns_server_list": null,
                        "ipv4_address": "192.168.1.24",
                        "ipv4_netmask": 24,
                        "ipv6_address": "",
                        "ipv6_netmask": 0
                      }
                    ],
                    "timeout": 10,
                    "windows_options": [],
                    "windows_sysprep_text": ""
                  }
                ],
                "linked_clone": false,
                "template_uuid": "564dc512-4642-46b3-ed40-d2f0a42a4f46",
                "timeout": 30
              }
            ],
            "cpu_hot_add_enabled": false,
            "cpu_hot_remove_enabled": false,
            "cpu_limit": -1,
            "cpu_performance_counters_enabled": false,
            "cpu_reservation": 0,
            "cpu_share_count": 4000,
            "cpu_share_level": "normal",
            "custom_attributes": null,
            "datastore_cluster_id": null,
            "datastore_id": "datastore-11",
            "default_ip_address": "192.168.1.24",
            "disk": [
              {
                "attach": false,
                "datastore_id": "datastore-11",
                "device_address": "scsi:0:0",
                "disk_mode": "persistent",
                "disk_sharing": "sharingNone",
                "eagerly_scrub": false,
                "io_limit": -1,
                "io_reservation": 0,
                "io_share_count": 1000,
                "io_share_level": "normal",
                "keep_on_remove": false,
                "key": 2000,
                "label": "disk0",
                "name": "",
                "path": "app3/app3.vmdk",
                "size": 30,
                "thin_provisioned": false,
                "unit_number": 0,
                "uuid": "6000C29a-0864-3188-7784-c8f496d10024",
                "write_through": false
              },
              {
                "attach": false,
                "datastore_id": "datastore-11",
                "device_address": "scsi:0:1",
                "disk_mode": "persistent",
                "disk_sharing": "sharingNone",
                "eagerly_scrub": false,
                "io_limit": -1,
                "io_reservation": 0,
                "io_share_count": 1000,
                "io_share_level": "normal",
                "keep_on_remove": false,
                "key": 2001,
                "label": "disk1",
                "name": "",
                "path": "app3/app3_1.vmdk",
                "size": 25,
                "thin_provisioned": true,
                "unit_number": 1,
                "uuid": "6000C297-9fb0-c1c0-6a57-2714e9c7b4aa",
                "write_through": false
              }
            ],
            "efi_secure_boot_enabled": false,
            "enable_disk_uuid": false,
            "enable_logging": false,
            "ept_rvi_mode": "automatic",
            "extra_config": null,
            "firmware": "bios",
            "folder": "OPENSHIFTv311",
            "force_power_off": true,
            "guest_id": "rhel7_64Guest",
            "guest_ip_addresses": [
              "192.168.1.24",
              "fe80::250:56ff:fe8d:47e5"
            ],
            "host_system_id": "host-10",
            "hv_mode": "hvAuto",
            "id": "420decbe-b448-59b6-cc79-1ec20a63b603",
            "ignored_guest_ips": null,
            "imported": null,
            "latency_sensitivity": "normal",
            "memory": 8192,
            "memory_hot_add_enabled": false,
            "memory_limit": -1,
            "memory_reservation": 0,
            "memory_share_count": 81920,
            "memory_share_level": "normal",
            "migrate_wait_timeout": 30,
            "moid": "vm-85",
            "name": "app3",
            "nested_hv_enabled": false,
            "network_interface": [
              {
                "adapter_type": "vmxnet3",
                "bandwidth_limit": -1,
                "bandwidth_reservation": 0,
                "bandwidth_share_count": 50,
                "bandwidth_share_level": "normal",
                "device_address": "pci:0:7",
                "key": 4000,
                "mac_address": "00:50:56:8d:47:e5",
                "network_id": "network-12",
                "use_static_mac": false
              }
            ],
            "num_cores_per_socket": 1,
            "num_cpus": 4,
            "reboot_required": false,
            "resource_pool_id": "resgroup-20",
            "run_tools_scripts_after_power_on": true,
            "run_tools_scripts_after_resume": true,
            "run_tools_scripts_before_guest_reboot": false,
            "run_tools_scripts_before_guest_shutdown": true,
            "run_tools_scripts_before_guest_standby": true,
            "scsi_bus_sharing": "noSharing",
            "scsi_controller_count": 1,
            "scsi_type": "pvscsi",
            "shutdown_wait_timeout": 3,
            "swap_placement_policy": "inherit",
            "sync_time_with_host": false,
            "tags": null,
            "uuid": "420decbe-b448-59b6-cc79-1ec20a63b603",
            "vapp": [],
            "vapp_transport": [],
            "vmware_tools_status": "guestToolsRunning",
            "vmx_path": "app3/app3.vmx",
            "wait_for_guest_ip_timeout": 0,
            "wait_for_guest_net_routable": true,
            "wait_for_guest_net_timeout": 5
          },
          "private": "eyJzY2hlbWFfdmVyc2lvbiI6IjMifQ==",
          "depends_on": [
            "data.vsphere_datastore.datastore",
            "data.vsphere_network.network",
            "data.vsphere_resource_pool.pool",
            "data.vsphere_virtual_machine.rheltpl"
          ]
        },
        {
          "index_key": 3,
          "schema_version": 3,
          "attributes": {
            "alternate_guest_name": "",
            "annotation": "",
            "boot_delay": 0,
            "boot_retry_delay": 10000,
            "boot_retry_enabled": false,
            "cdrom": [],
            "change_version": "2019-10-14T20:12:17.684487Z",
            "clone": [
              {
                "customize": [
                  {
                    "dns_server_list": [
                      "192.168.1.10"
                    ],
                    "dns_suffix_list": [
                      "home.lab"
                    ],
                    "ipv4_gateway": "192.168.1.1",
                    "ipv6_gateway": "",
                    "linux_options": [
                      {
                        "domain": "home.lab",
                        "host_name": "app4",
                        "hw_clock_utc": true,
                        "time_zone": ""
                      }
                    ],
                    "network_interface": [
                      {
                        "dns_domain": "",
                        "dns_server_list": null,
                        "ipv4_address": "192.168.1.25",
                        "ipv4_netmask": 24,
                        "ipv6_address": "",
                        "ipv6_netmask": 0
                      }
                    ],
                    "timeout": 10,
                    "windows_options": [],
                    "windows_sysprep_text": ""
                  }
                ],
                "linked_clone": false,
                "template_uuid": "564dc512-4642-46b3-ed40-d2f0a42a4f46",
                "timeout": 30
              }
            ],
            "cpu_hot_add_enabled": false,
            "cpu_hot_remove_enabled": false,
            "cpu_limit": -1,
            "cpu_performance_counters_enabled": false,
            "cpu_reservation": 0,
            "cpu_share_count": 4000,
            "cpu_share_level": "normal",
            "custom_attributes": null,
            "datastore_cluster_id": null,
            "datastore_id": "datastore-11",
            "default_ip_address": "192.168.1.25",
            "disk": [
              {
                "attach": false,
                "datastore_id": "datastore-11",
                "device_address": "scsi:0:0",
                "disk_mode": "persistent",
                "disk_sharing": "sharingNone",
                "eagerly_scrub": false,
                "io_limit": -1,
                "io_reservation": 0,
                "io_share_count": 1000,
                "io_share_level": "normal",
                "keep_on_remove": false,
                "key": 2000,
                "label": "disk0",
                "name": "",
                "path": "app4/app4.vmdk",
                "size": 30,
                "thin_provisioned": false,
                "unit_number": 0,
                "uuid": "6000C29e-628e-83f1-035e-a836e987faf4",
                "write_through": false
              },
              {
                "attach": false,
                "datastore_id": "datastore-11",
                "device_address": "scsi:0:1",
                "disk_mode": "persistent",
                "disk_sharing": "sharingNone",
                "eagerly_scrub": false,
                "io_limit": -1,
                "io_reservation": 0,
                "io_share_count": 1000,
                "io_share_level": "normal",
                "keep_on_remove": false,
                "key": 2001,
                "label": "disk1",
                "name": "",
                "path": "app4/app4_1.vmdk",
                "size": 25,
                "thin_provisioned": true,
                "unit_number": 1,
                "uuid": "6000C293-42d8-6585-74bb-6a8106b0b2b1",
                "write_through": false
              }
            ],
            "efi_secure_boot_enabled": false,
            "enable_disk_uuid": false,
            "enable_logging": false,
            "ept_rvi_mode": "automatic",
            "extra_config": null,
            "firmware": "bios",
            "folder": "OPENSHIFTv311",
            "force_power_off": true,
            "guest_id": "rhel7_64Guest",
            "guest_ip_addresses": [
              "192.168.1.25",
              "fe80::250:56ff:fe8d:2692"
            ],
            "host_system_id": "host-10",
            "hv_mode": "hvAuto",
            "id": "420dfc4f-4f38-a9f0-4a78-f2f53d58278f",
            "ignored_guest_ips": null,
            "imported": null,
            "latency_sensitivity": "normal",
            "memory": 8192,
            "memory_hot_add_enabled": false,
            "memory_limit": -1,
            "memory_reservation": 0,
            "memory_share_count": 81920,
            "memory_share_level": "normal",
            "migrate_wait_timeout": 30,
            "moid": "vm-90",
            "name": "app4",
            "nested_hv_enabled": false,
            "network_interface": [
              {
                "adapter_type": "vmxnet3",
                "bandwidth_limit": -1,
                "bandwidth_reservation": 0,
                "bandwidth_share_count": 50,
                "bandwidth_share_level": "normal",
                "device_address": "pci:0:7",
                "key": 4000,
                "mac_address": "00:50:56:8d:26:92",
                "network_id": "network-12",
                "use_static_mac": false
              }
            ],
            "num_cores_per_socket": 1,
            "num_cpus": 4,
            "reboot_required": false,
            "resource_pool_id": "resgroup-20",
            "run_tools_scripts_after_power_on": true,
            "run_tools_scripts_after_resume": true,
            "run_tools_scripts_before_guest_reboot": false,
            "run_tools_scripts_before_guest_shutdown": true,
            "run_tools_scripts_before_guest_standby": true,
            "scsi_bus_sharing": "noSharing",
            "scsi_controller_count": 1,
            "scsi_type": "pvscsi",
            "shutdown_wait_timeout": 3,
            "swap_placement_policy": "inherit",
            "sync_time_with_host": false,
            "tags": null,
            "uuid": "420dfc4f-4f38-a9f0-4a78-f2f53d58278f",
            "vapp": [],
            "vapp_transport": [],
            "vmware_tools_status": "guestToolsRunning",
            "vmx_path": "app4/app4.vmx",
            "wait_for_guest_ip_timeout": 0,
            "wait_for_guest_net_routable": true,
            "wait_for_guest_net_timeout": 5
          },
          "private": "eyJzY2hlbWFfdmVyc2lvbiI6IjMifQ==",
          "depends_on": [
            "data.vsphere_datastore.datastore",
            "data.vsphere_network.network",
            "data.vsphere_resource_pool.pool",
            "data.vsphere_virtual_machine.rheltpl"
          ]
        }
      ]
    },
    {
      "mode": "managed",
      "type": "vsphere_virtual_machine",
      "name": "infra",
      "each": "list",
      "provider": "provider.vsphere",
      "instances": [
        {
          "index_key": 0,
          "schema_version": 3,
          "attributes": {
            "alternate_guest_name": "",
            "annotation": "",
            "boot_delay": 0,
            "boot_retry_delay": 10000,
            "boot_retry_enabled": false,
            "cdrom": [],
            "change_version": "2019-10-14T20:13:13.35939Z",
            "clone": [
              {
                "customize": [
                  {
                    "dns_server_list": [
                      "192.168.1.10"
                    ],
                    "dns_suffix_list": [
                      "home.lab"
                    ],
                    "ipv4_gateway": "192.168.1.1",
                    "ipv6_gateway": "",
                    "linux_options": [
                      {
                        "domain": "home.lab",
                        "host_name": "infra1",
                        "hw_clock_utc": true,
                        "time_zone": ""
                      }
                    ],
                    "network_interface": [
                      {
                        "dns_domain": "",
                        "dns_server_list": null,
                        "ipv4_address": "192.168.1.19",
                        "ipv4_netmask": 24,
                        "ipv6_address": "",
                        "ipv6_netmask": 0
                      }
                    ],
                    "timeout": 10,
                    "windows_options": [],
                    "windows_sysprep_text": ""
                  }
                ],
                "linked_clone": false,
                "template_uuid": "564dc512-4642-46b3-ed40-d2f0a42a4f46",
                "timeout": 30
              }
            ],
            "cpu_hot_add_enabled": false,
            "cpu_hot_remove_enabled": false,
            "cpu_limit": -1,
            "cpu_performance_counters_enabled": false,
            "cpu_reservation": 0,
            "cpu_share_count": 4000,
            "cpu_share_level": "normal",
            "custom_attributes": null,
            "datastore_cluster_id": null,
            "datastore_id": "datastore-11",
            "default_ip_address": "192.168.1.19",
            "disk": [
              {
                "attach": false,
                "datastore_id": "datastore-11",
                "device_address": "scsi:0:0",
                "disk_mode": "persistent",
                "disk_sharing": "sharingNone",
                "eagerly_scrub": false,
                "io_limit": -1,
                "io_reservation": 0,
                "io_share_count": 1000,
                "io_share_level": "normal",
                "keep_on_remove": false,
                "key": 2000,
                "label": "disk0",
                "name": "",
                "path": "infra1/infra1.vmdk",
                "size": 30,
                "thin_provisioned": false,
                "unit_number": 0,
                "uuid": "6000C295-2aef-c2d6-6c02-b0df96da155b",
                "write_through": false
              },
              {
                "attach": false,
                "datastore_id": "datastore-11",
                "device_address": "scsi:0:1",
                "disk_mode": "persistent",
                "disk_sharing": "sharingNone",
                "eagerly_scrub": false,
                "io_limit": -1,
                "io_reservation": 0,
                "io_share_count": 1000,
                "io_share_level": "normal",
                "keep_on_remove": false,
                "key": 2001,
                "label": "disk1",
                "name": "",
                "path": "infra1/infra1_1.vmdk",
                "size": 25,
                "thin_provisioned": true,
                "unit_number": 1,
                "uuid": "6000C29f-044c-1b03-0c59-6cb4bc0c70b9",
                "write_through": false
              }
            ],
            "efi_secure_boot_enabled": false,
            "enable_disk_uuid": false,
            "enable_logging": false,
            "ept_rvi_mode": "automatic",
            "extra_config": null,
            "firmware": "bios",
            "folder": "OPENSHIFTv311",
            "force_power_off": true,
            "guest_id": "rhel7_64Guest",
            "guest_ip_addresses": [
              "192.168.1.19",
              "fe80::250:56ff:fe8d:d50d"
            ],
            "host_system_id": "host-10",
            "hv_mode": "hvAuto",
            "id": "420d103c-c3fd-13b1-111e-41361b046f6a",
            "ignored_guest_ips": null,
            "imported": null,
            "latency_sensitivity": "normal",
            "memory": 16384,
            "memory_hot_add_enabled": false,
            "memory_limit": -1,
            "memory_reservation": 0,
            "memory_share_count": 163840,
            "memory_share_level": "normal",
            "migrate_wait_timeout": 30,
            "moid": "vm-94",
            "name": "infra1",
            "nested_hv_enabled": false,
            "network_interface": [
              {
                "adapter_type": "vmxnet3",
                "bandwidth_limit": -1,
                "bandwidth_reservation": 0,
                "bandwidth_share_count": 50,
                "bandwidth_share_level": "normal",
                "device_address": "pci:0:7",
                "key": 4000,
                "mac_address": "00:50:56:8d:d5:0d",
                "network_id": "network-12",
                "use_static_mac": false
              }
            ],
            "num_cores_per_socket": 1,
            "num_cpus": 4,
            "reboot_required": false,
            "resource_pool_id": "resgroup-20",
            "run_tools_scripts_after_power_on": true,
            "run_tools_scripts_after_resume": true,
            "run_tools_scripts_before_guest_reboot": false,
            "run_tools_scripts_before_guest_shutdown": true,
            "run_tools_scripts_before_guest_standby": true,
            "scsi_bus_sharing": "noSharing",
            "scsi_controller_count": 1,
            "scsi_type": "pvscsi",
            "shutdown_wait_timeout": 3,
            "swap_placement_policy": "inherit",
            "sync_time_with_host": false,
            "tags": null,
            "uuid": "420d103c-c3fd-13b1-111e-41361b046f6a",
            "vapp": [],
            "vapp_transport": [],
            "vmware_tools_status": "guestToolsRunning",
            "vmx_path": "infra1/infra1.vmx",
            "wait_for_guest_ip_timeout": 0,
            "wait_for_guest_net_routable": true,
            "wait_for_guest_net_timeout": 5
          },
          "private": "eyJzY2hlbWFfdmVyc2lvbiI6IjMifQ==",
          "depends_on": [
            "data.vsphere_datastore.datastore",
            "data.vsphere_network.network",
            "data.vsphere_resource_pool.pool",
            "data.vsphere_virtual_machine.rheltpl"
          ]
        },
        {
          "index_key": 1,
          "schema_version": 3,
          "attributes": {
            "alternate_guest_name": "",
            "annotation": "",
            "boot_delay": 0,
            "boot_retry_delay": 10000,
            "boot_retry_enabled": false,
            "cdrom": [],
            "change_version": "2019-10-14T20:16:04.794237Z",
            "clone": [
              {
                "customize": [
                  {
                    "dns_server_list": [
                      "192.168.1.10"
                    ],
                    "dns_suffix_list": [
                      "home.lab"
                    ],
                    "ipv4_gateway": "192.168.1.1",
                    "ipv6_gateway": "",
                    "linux_options": [
                      {
                        "domain": "home.lab",
                        "host_name": "infra2",
                        "hw_clock_utc": true,
                        "time_zone": ""
                      }
                    ],
                    "network_interface": [
                      {
                        "dns_domain": "",
                        "dns_server_list": null,
                        "ipv4_address": "192.168.1.20",
                        "ipv4_netmask": 24,
                        "ipv6_address": "",
                        "ipv6_netmask": 0
                      }
                    ],
                    "timeout": 10,
                    "windows_options": [],
                    "windows_sysprep_text": ""
                  }
                ],
                "linked_clone": false,
                "template_uuid": "564dc512-4642-46b3-ed40-d2f0a42a4f46",
                "timeout": 30
              }
            ],
            "cpu_hot_add_enabled": false,
            "cpu_hot_remove_enabled": false,
            "cpu_limit": -1,
            "cpu_performance_counters_enabled": false,
            "cpu_reservation": 0,
            "cpu_share_count": 4000,
            "cpu_share_level": "normal",
            "custom_attributes": null,
            "datastore_cluster_id": null,
            "datastore_id": "datastore-11",
            "default_ip_address": "192.168.1.20",
            "disk": [
              {
                "attach": false,
                "datastore_id": "datastore-11",
                "device_address": "scsi:0:0",
                "disk_mode": "persistent",
                "disk_sharing": "sharingNone",
                "eagerly_scrub": false,
                "io_limit": -1,
                "io_reservation": 0,
                "io_share_count": 1000,
                "io_share_level": "normal",
                "keep_on_remove": false,
                "key": 2000,
                "label": "disk0",
                "name": "",
                "path": "infra2/infra2.vmdk",
                "size": 30,
                "thin_provisioned": false,
                "unit_number": 0,
                "uuid": "6000C298-6ab8-e3f2-11ce-1156b09d53e6",
                "write_through": false
              },
              {
                "attach": false,
                "datastore_id": "datastore-11",
                "device_address": "scsi:0:1",
                "disk_mode": "persistent",
                "disk_sharing": "sharingNone",
                "eagerly_scrub": false,
                "io_limit": -1,
                "io_reservation": 0,
                "io_share_count": 1000,
                "io_share_level": "normal",
                "keep_on_remove": false,
                "key": 2001,
                "label": "disk1",
                "name": "",
                "path": "infra2/infra2_1.vmdk",
                "size": 25,
                "thin_provisioned": true,
                "unit_number": 1,
                "uuid": "6000C292-1e9f-11c3-5a44-c8fa7f638bc1",
                "write_through": false
              }
            ],
            "efi_secure_boot_enabled": false,
            "enable_disk_uuid": false,
            "enable_logging": false,
            "ept_rvi_mode": "automatic",
            "extra_config": null,
            "firmware": "bios",
            "folder": "OPENSHIFTv311",
            "force_power_off": true,
            "guest_id": "rhel7_64Guest",
            "guest_ip_addresses": [
              "192.168.1.20",
              "fe80::250:56ff:fe8d:597f"
            ],
            "host_system_id": "host-10",
            "hv_mode": "hvAuto",
            "id": "420d0ffd-1a0a-d9a0-70f5-350307cf61f4",
            "ignored_guest_ips": null,
            "imported": null,
            "latency_sensitivity": "normal",
            "memory": 16384,
            "memory_hot_add_enabled": false,
            "memory_limit": -1,
            "memory_reservation": 0,
            "memory_share_count": 163840,
            "memory_share_level": "normal",
            "migrate_wait_timeout": 30,
            "moid": "vm-93",
            "name": "infra2",
            "nested_hv_enabled": false,
            "network_interface": [
              {
                "adapter_type": "vmxnet3",
                "bandwidth_limit": -1,
                "bandwidth_reservation": 0,
                "bandwidth_share_count": 50,
                "bandwidth_share_level": "normal",
                "device_address": "pci:0:7",
                "key": 4000,
                "mac_address": "00:50:56:8d:59:7f",
                "network_id": "network-12",
                "use_static_mac": false
              }
            ],
            "num_cores_per_socket": 1,
            "num_cpus": 4,
            "reboot_required": false,
            "resource_pool_id": "resgroup-20",
            "run_tools_scripts_after_power_on": true,
            "run_tools_scripts_after_resume": true,
            "run_tools_scripts_before_guest_reboot": false,
            "run_tools_scripts_before_guest_shutdown": true,
            "run_tools_scripts_before_guest_standby": true,
            "scsi_bus_sharing": "noSharing",
            "scsi_controller_count": 1,
            "scsi_type": "pvscsi",
            "shutdown_wait_timeout": 3,
            "swap_placement_policy": "inherit",
            "sync_time_with_host": false,
            "tags": null,
            "uuid": "420d0ffd-1a0a-d9a0-70f5-350307cf61f4",
            "vapp": [],
            "vapp_transport": [],
            "vmware_tools_status": "guestToolsRunning",
            "vmx_path": "infra2/infra2.vmx",
            "wait_for_guest_ip_timeout": 0,
            "wait_for_guest_net_routable": true,
            "wait_for_guest_net_timeout": 5
          },
          "private": "eyJzY2hlbWFfdmVyc2lvbiI6IjMifQ==",
          "depends_on": [
            "data.vsphere_datastore.datastore",
            "data.vsphere_network.network",
            "data.vsphere_resource_pool.pool",
            "data.vsphere_virtual_machine.rheltpl"
          ]
        },
        {
          "index_key": 2,
          "schema_version": 3,
          "attributes": {
            "alternate_guest_name": "",
            "annotation": "",
            "boot_delay": 0,
            "boot_retry_delay": 10000,
            "boot_retry_enabled": false,
            "cdrom": [],
            "change_version": "2019-10-14T20:15:43.658442Z",
            "clone": [
              {
                "customize": [
                  {
                    "dns_server_list": [
                      "192.168.1.10"
                    ],
                    "dns_suffix_list": [
                      "home.lab"
                    ],
                    "ipv4_gateway": "192.168.1.1",
                    "ipv6_gateway": "",
                    "linux_options": [
                      {
                        "domain": "home.lab",
                        "host_name": "infra3",
                        "hw_clock_utc": true,
                        "time_zone": ""
                      }
                    ],
                    "network_interface": [
                      {
                        "dns_domain": "",
                        "dns_server_list": null,
                        "ipv4_address": "192.168.1.21",
                        "ipv4_netmask": 24,
                        "ipv6_address": "",
                        "ipv6_netmask": 0
                      }
                    ],
                    "timeout": 10,
                    "windows_options": [],
                    "windows_sysprep_text": ""
                  }
                ],
                "linked_clone": false,
                "template_uuid": "564dc512-4642-46b3-ed40-d2f0a42a4f46",
                "timeout": 30
              }
            ],
            "cpu_hot_add_enabled": false,
            "cpu_hot_remove_enabled": false,
            "cpu_limit": -1,
            "cpu_performance_counters_enabled": false,
            "cpu_reservation": 0,
            "cpu_share_count": 4000,
            "cpu_share_level": "normal",
            "custom_attributes": null,
            "datastore_cluster_id": null,
            "datastore_id": "datastore-11",
            "default_ip_address": "192.168.1.21",
            "disk": [
              {
                "attach": false,
                "datastore_id": "datastore-11",
                "device_address": "scsi:0:0",
                "disk_mode": "persistent",
                "disk_sharing": "sharingNone",
                "eagerly_scrub": false,
                "io_limit": -1,
                "io_reservation": 0,
                "io_share_count": 1000,
                "io_share_level": "normal",
                "keep_on_remove": false,
                "key": 2000,
                "label": "disk0",
                "name": "",
                "path": "infra3/infra3.vmdk",
                "size": 30,
                "thin_provisioned": false,
                "unit_number": 0,
                "uuid": "6000C29d-c446-ac42-6028-e986f2c5240a",
                "write_through": false
              },
              {
                "attach": false,
                "datastore_id": "datastore-11",
                "device_address": "scsi:0:1",
                "disk_mode": "persistent",
                "disk_sharing": "sharingNone",
                "eagerly_scrub": false,
                "io_limit": -1,
                "io_reservation": 0,
                "io_share_count": 1000,
                "io_share_level": "normal",
                "keep_on_remove": false,
                "key": 2001,
                "label": "disk1",
                "name": "",
                "path": "infra3/infra3_1.vmdk",
                "size": 25,
                "thin_provisioned": true,
                "unit_number": 1,
                "uuid": "6000C29b-e494-0404-e078-82a5fff6cfc0",
                "write_through": false
              }
            ],
            "efi_secure_boot_enabled": false,
            "enable_disk_uuid": false,
            "enable_logging": false,
            "ept_rvi_mode": "automatic",
            "extra_config": null,
            "firmware": "bios",
            "folder": "OPENSHIFTv311",
            "force_power_off": true,
            "guest_id": "rhel7_64Guest",
            "guest_ip_addresses": [
              "192.168.1.21",
              "fe80::250:56ff:fe8d:335a"
            ],
            "host_system_id": "host-10",
            "hv_mode": "hvAuto",
            "id": "420dd62d-c3c3-bfbf-3ad8-781d38ae7fca",
            "ignored_guest_ips": null,
            "imported": null,
            "latency_sensitivity": "normal",
            "memory": 16384,
            "memory_hot_add_enabled": false,
            "memory_limit": -1,
            "memory_reservation": 0,
            "memory_share_count": 163840,
            "memory_share_level": "normal",
            "migrate_wait_timeout": 30,
            "moid": "vm-88",
            "name": "infra3",
            "nested_hv_enabled": false,
            "network_interface": [
              {
                "adapter_type": "vmxnet3",
                "bandwidth_limit": -1,
                "bandwidth_reservation": 0,
                "bandwidth_share_count": 50,
                "bandwidth_share_level": "normal",
                "device_address": "pci:0:7",
                "key": 4000,
                "mac_address": "00:50:56:8d:33:5a",
                "network_id": "network-12",
                "use_static_mac": false
              }
            ],
            "num_cores_per_socket": 1,
            "num_cpus": 4,
            "reboot_required": false,
            "resource_pool_id": "resgroup-20",
            "run_tools_scripts_after_power_on": true,
            "run_tools_scripts_after_resume": true,
            "run_tools_scripts_before_guest_reboot": false,
            "run_tools_scripts_before_guest_shutdown": true,
            "run_tools_scripts_before_guest_standby": true,
            "scsi_bus_sharing": "noSharing",
            "scsi_controller_count": 1,
            "scsi_type": "pvscsi",
            "shutdown_wait_timeout": 3,
            "swap_placement_policy": "inherit",
            "sync_time_with_host": false,
            "tags": null,
            "uuid": "420dd62d-c3c3-bfbf-3ad8-781d38ae7fca",
            "vapp": [],
            "vapp_transport": [],
            "vmware_tools_status": "guestToolsRunning",
            "vmx_path": "infra3/infra3.vmx",
            "wait_for_guest_ip_timeout": 0,
            "wait_for_guest_net_routable": true,
            "wait_for_guest_net_timeout": 5
          },
          "private": "eyJzY2hlbWFfdmVyc2lvbiI6IjMifQ==",
          "depends_on": [
            "data.vsphere_datastore.datastore",
            "data.vsphere_network.network",
            "data.vsphere_resource_pool.pool",
            "data.vsphere_virtual_machine.rheltpl"
          ]
        }
      ]
    },
    {
      "mode": "managed",
      "type": "vsphere_virtual_machine",
      "name": "lb",
      "each": "list",
      "provider": "provider.vsphere",
      "instances": [
        {
          "index_key": 0,
          "schema_version": 3,
          "attributes": {
            "alternate_guest_name": "",
            "annotation": "",
            "boot_delay": 0,
            "boot_retry_delay": 10000,
            "boot_retry_enabled": false,
            "cdrom": [],
            "change_version": "2019-10-14T20:09:45.31372Z",
            "clone": [
              {
                "customize": [
                  {
                    "dns_server_list": [
                      "192.168.1.10"
                    ],
                    "dns_suffix_list": [
                      "home.lab"
                    ],
                    "ipv4_gateway": "192.168.1.1",
                    "ipv6_gateway": "",
                    "linux_options": [
                      {
                        "domain": "home.lab",
                        "host_name": "lb1",
                        "hw_clock_utc": true,
                        "time_zone": ""
                      }
                    ],
                    "network_interface": [
                      {
                        "dns_domain": "",
                        "dns_server_list": null,
                        "ipv4_address": "192.168.1.14",
                        "ipv4_netmask": 24,
                        "ipv6_address": "",
                        "ipv6_netmask": 0
                      }
                    ],
                    "timeout": 10,
                    "windows_options": [],
                    "windows_sysprep_text": ""
                  }
                ],
                "linked_clone": false,
                "template_uuid": "420d58a4-1f19-8482-78ac-e8fcc61050f7",
                "timeout": 30
              }
            ],
            "cpu_hot_add_enabled": false,
            "cpu_hot_remove_enabled": false,
            "cpu_limit": -1,
            "cpu_performance_counters_enabled": false,
            "cpu_reservation": 0,
            "cpu_share_count": 1000,
            "cpu_share_level": "normal",
            "custom_attributes": null,
            "datastore_cluster_id": null,
            "datastore_id": "datastore-11",
            "default_ip_address": "192.168.1.14",
            "disk": [
              {
                "attach": false,
                "datastore_id": "datastore-11",
                "device_address": "scsi:0:0",
                "disk_mode": "persistent",
                "disk_sharing": "sharingNone",
                "eagerly_scrub": false,
                "io_limit": -1,
                "io_reservation": 0,
                "io_share_count": 1000,
                "io_share_level": "normal",
                "keep_on_remove": false,
                "key": 2000,
                "label": "disk0",
                "name": "",
                "path": "lb1/lb1.vmdk",
                "size": 30,
                "thin_provisioned": false,
                "unit_number": 0,
                "uuid": "6000C292-a97b-0796-8992-24218917137c",
                "write_through": false
              }
            ],
            "efi_secure_boot_enabled": false,
            "enable_disk_uuid": false,
            "enable_logging": false,
            "ept_rvi_mode": "automatic",
            "extra_config": null,
            "firmware": "bios",
            "folder": "OPENSHIFTv311",
            "force_power_off": true,
            "guest_id": "centos7_64Guest",
            "guest_ip_addresses": [
              "192.168.1.14",
              "fe80::250:56ff:fe8d:e2bf"
            ],
            "host_system_id": "host-10",
            "hv_mode": "hvAuto",
            "id": "420d1b14-c70d-aef1-e1eb-89d20e3d2f67",
            "ignored_guest_ips": null,
            "imported": null,
            "latency_sensitivity": "normal",
            "memory": 4096,
            "memory_hot_add_enabled": false,
            "memory_limit": -1,
            "memory_reservation": 0,
            "memory_share_count": 40960,
            "memory_share_level": "normal",
            "migrate_wait_timeout": 30,
            "moid": "vm-86",
            "name": "lb1",
            "nested_hv_enabled": false,
            "network_interface": [
              {
                "adapter_type": "vmxnet3",
                "bandwidth_limit": -1,
                "bandwidth_reservation": 0,
                "bandwidth_share_count": 50,
                "bandwidth_share_level": "normal",
                "device_address": "pci:0:7",
                "key": 4000,
                "mac_address": "00:50:56:8d:e2:bf",
                "network_id": "network-12",
                "use_static_mac": false
              }
            ],
            "num_cores_per_socket": 1,
            "num_cpus": 1,
            "reboot_required": false,
            "resource_pool_id": "resgroup-20",
            "run_tools_scripts_after_power_on": true,
            "run_tools_scripts_after_resume": true,
            "run_tools_scripts_before_guest_reboot": false,
            "run_tools_scripts_before_guest_shutdown": true,
            "run_tools_scripts_before_guest_standby": true,
            "scsi_bus_sharing": "noSharing",
            "scsi_controller_count": 1,
            "scsi_type": "pvscsi",
            "shutdown_wait_timeout": 3,
            "swap_placement_policy": "inherit",
            "sync_time_with_host": false,
            "tags": null,
            "uuid": "420d1b14-c70d-aef1-e1eb-89d20e3d2f67",
            "vapp": [],
            "vapp_transport": [],
            "vmware_tools_status": "guestToolsRunning",
            "vmx_path": "lb1/lb1.vmx",
            "wait_for_guest_ip_timeout": 0,
            "wait_for_guest_net_routable": true,
            "wait_for_guest_net_timeout": 5
          },
          "private": "eyJzY2hlbWFfdmVyc2lvbiI6IjMifQ==",
          "depends_on": [
            "data.vsphere_datastore.datastore",
            "data.vsphere_network.network",
            "data.vsphere_resource_pool.pool",
            "data.vsphere_virtual_machine.centostpl"
          ]
        },
        {
          "index_key": 1,
          "schema_version": 3,
          "attributes": {
            "alternate_guest_name": "",
            "annotation": "",
            "boot_delay": 0,
            "boot_retry_delay": 10000,
            "boot_retry_enabled": false,
            "cdrom": [],
            "change_version": "2019-10-14T20:11:26.697485Z",
            "clone": [
              {
                "customize": [
                  {
                    "dns_server_list": [
                      "192.168.1.10"
                    ],
                    "dns_suffix_list": [
                      "home.lab"
                    ],
                    "ipv4_gateway": "192.168.1.1",
                    "ipv6_gateway": "",
                    "linux_options": [
                      {
                        "domain": "home.lab",
                        "host_name": "lb2",
                        "hw_clock_utc": true,
                        "time_zone": ""
                      }
                    ],
                    "network_interface": [
                      {
                        "dns_domain": "",
                        "dns_server_list": null,
                        "ipv4_address": "192.168.1.15",
                        "ipv4_netmask": 24,
                        "ipv6_address": "",
                        "ipv6_netmask": 0
                      }
                    ],
                    "timeout": 10,
                    "windows_options": [],
                    "windows_sysprep_text": ""
                  }
                ],
                "linked_clone": false,
                "template_uuid": "420d58a4-1f19-8482-78ac-e8fcc61050f7",
                "timeout": 30
              }
            ],
            "cpu_hot_add_enabled": false,
            "cpu_hot_remove_enabled": false,
            "cpu_limit": -1,
            "cpu_performance_counters_enabled": false,
            "cpu_reservation": 0,
            "cpu_share_count": 1000,
            "cpu_share_level": "normal",
            "custom_attributes": null,
            "datastore_cluster_id": null,
            "datastore_id": "datastore-11",
            "default_ip_address": "192.168.1.15",
            "disk": [
              {
                "attach": false,
                "datastore_id": "datastore-11",
                "device_address": "scsi:0:0",
                "disk_mode": "persistent",
                "disk_sharing": "sharingNone",
                "eagerly_scrub": false,
                "io_limit": -1,
                "io_reservation": 0,
                "io_share_count": 1000,
                "io_share_level": "normal",
                "keep_on_remove": false,
                "key": 2000,
                "label": "disk0",
                "name": "",
                "path": "lb2/lb2.vmdk",
                "size": 30,
                "thin_provisioned": false,
                "unit_number": 0,
                "uuid": "6000C298-a9fa-c198-1330-cb3f4f39589e",
                "write_through": false
              }
            ],
            "efi_secure_boot_enabled": false,
            "enable_disk_uuid": false,
            "enable_logging": false,
            "ept_rvi_mode": "automatic",
            "extra_config": null,
            "firmware": "bios",
            "folder": "OPENSHIFTv311",
            "force_power_off": true,
            "guest_id": "centos7_64Guest",
            "guest_ip_addresses": [
              "192.168.1.15",
              "fe80::250:56ff:fe8d:64b1"
            ],
            "host_system_id": "host-10",
            "hv_mode": "hvAuto",
            "id": "420dfa52-68a5-bb55-65f5-700f2dd695ad",
            "ignored_guest_ips": null,
            "imported": null,
            "latency_sensitivity": "normal",
            "memory": 4096,
            "memory_hot_add_enabled": false,
            "memory_limit": -1,
            "memory_reservation": 0,
            "memory_share_count": 40960,
            "memory_share_level": "normal",
            "migrate_wait_timeout": 30,
            "moid": "vm-92",
            "name": "lb2",
            "nested_hv_enabled": false,
            "network_interface": [
              {
                "adapter_type": "vmxnet3",
                "bandwidth_limit": -1,
                "bandwidth_reservation": 0,
                "bandwidth_share_count": 50,
                "bandwidth_share_level": "normal",
                "device_address": "pci:0:7",
                "key": 4000,
                "mac_address": "00:50:56:8d:64:b1",
                "network_id": "network-12",
                "use_static_mac": false
              }
            ],
            "num_cores_per_socket": 1,
            "num_cpus": 1,
            "reboot_required": false,
            "resource_pool_id": "resgroup-20",
            "run_tools_scripts_after_power_on": true,
            "run_tools_scripts_after_resume": true,
            "run_tools_scripts_before_guest_reboot": false,
            "run_tools_scripts_before_guest_shutdown": true,
            "run_tools_scripts_before_guest_standby": true,
            "scsi_bus_sharing": "noSharing",
            "scsi_controller_count": 1,
            "scsi_type": "pvscsi",
            "shutdown_wait_timeout": 3,
            "swap_placement_policy": "inherit",
            "sync_time_with_host": false,
            "tags": null,
            "uuid": "420dfa52-68a5-bb55-65f5-700f2dd695ad",
            "vapp": [],
            "vapp_transport": [],
            "vmware_tools_status": "guestToolsRunning",
            "vmx_path": "lb2/lb2.vmx",
            "wait_for_guest_ip_timeout": 0,
            "wait_for_guest_net_routable": true,
            "wait_for_guest_net_timeout": 5
          },
          "private": "eyJzY2hlbWFfdmVyc2lvbiI6IjMifQ==",
          "depends_on": [
            "data.vsphere_datastore.datastore",
            "data.vsphere_network.network",
            "data.vsphere_resource_pool.pool",
            "data.vsphere_virtual_machine.centostpl"
          ]
        }
      ]
    },
    {
      "mode": "managed",
      "type": "vsphere_virtual_machine",
      "name": "master",
      "each": "list",
      "provider": "provider.vsphere",
      "instances": [
        {
          "index_key": 0,
          "schema_version": 3,
          "attributes": {
            "alternate_guest_name": "",
            "annotation": "",
            "boot_delay": 0,
            "boot_retry_delay": 10000,
            "boot_retry_enabled": false,
            "cdrom": [],
            "change_version": "2019-10-14T20:16:09.538045Z",
            "clone": [
              {
                "customize": [
                  {
                    "dns_server_list": [
                      "192.168.1.10"
                    ],
                    "dns_suffix_list": [
                      "home.lab"
                    ],
                    "ipv4_gateway": "192.168.1.1",
                    "ipv6_gateway": "",
                    "linux_options": [
                      {
                        "domain": "home.lab",
                        "host_name": "master1",
                        "hw_clock_utc": true,
                        "time_zone": ""
                      }
                    ],
                    "network_interface": [
                      {
                        "dns_domain": "",
                        "dns_server_list": null,
                        "ipv4_address": "192.168.1.16",
                        "ipv4_netmask": 24,
                        "ipv6_address": "",
                        "ipv6_netmask": 0
                      }
                    ],
                    "timeout": 10,
                    "windows_options": [],
                    "windows_sysprep_text": ""
                  }
                ],
                "linked_clone": false,
                "template_uuid": "564dc512-4642-46b3-ed40-d2f0a42a4f46",
                "timeout": 30
              }
            ],
            "cpu_hot_add_enabled": false,
            "cpu_hot_remove_enabled": false,
            "cpu_limit": -1,
            "cpu_performance_counters_enabled": false,
            "cpu_reservation": 0,
            "cpu_share_count": 4000,
            "cpu_share_level": "normal",
            "custom_attributes": null,
            "datastore_cluster_id": null,
            "datastore_id": "datastore-11",
            "default_ip_address": "192.168.1.16",
            "disk": [
              {
                "attach": false,
                "datastore_id": "datastore-11",
                "device_address": "scsi:0:0",
                "disk_mode": "persistent",
                "disk_sharing": "sharingNone",
                "eagerly_scrub": false,
                "io_limit": -1,
                "io_reservation": 0,
                "io_share_count": 1000,
                "io_share_level": "normal",
                "keep_on_remove": false,
                "key": 2000,
                "label": "disk0",
                "name": "",
                "path": "master1/master1.vmdk",
                "size": 30,
                "thin_provisioned": false,
                "unit_number": 0,
                "uuid": "6000C29b-0084-8549-43f8-d636547f247a",
                "write_through": false
              },
              {
                "attach": false,
                "datastore_id": "datastore-11",
                "device_address": "scsi:0:1",
                "disk_mode": "persistent",
                "disk_sharing": "sharingNone",
                "eagerly_scrub": false,
                "io_limit": -1,
                "io_reservation": 0,
                "io_share_count": 1000,
                "io_share_level": "normal",
                "keep_on_remove": false,
                "key": 2001,
                "label": "disk1",
                "name": "",
                "path": "master1/master1_1.vmdk",
                "size": 25,
                "thin_provisioned": true,
                "unit_number": 1,
                "uuid": "6000C29e-b0f3-5f50-61c4-c9c513f2d8c5",
                "write_through": false
              }
            ],
            "efi_secure_boot_enabled": false,
            "enable_disk_uuid": false,
            "enable_logging": false,
            "ept_rvi_mode": "automatic",
            "extra_config": null,
            "firmware": "bios",
            "folder": "OPENSHIFTv311",
            "force_power_off": true,
            "guest_id": "rhel7_64Guest",
            "guest_ip_addresses": [
              "192.168.1.16",
              "fe80::250:56ff:fe8d:c7f9"
            ],
            "host_system_id": "host-10",
            "hv_mode": "hvAuto",
            "id": "420d9cc2-840b-e6a0-e493-f2de947674ec",
            "ignored_guest_ips": null,
            "imported": null,
            "latency_sensitivity": "normal",
            "memory": 16384,
            "memory_hot_add_enabled": false,
            "memory_limit": -1,
            "memory_reservation": 0,
            "memory_share_count": 163840,
            "memory_share_level": "normal",
            "migrate_wait_timeout": 30,
            "moid": "vm-91",
            "name": "master1",
            "nested_hv_enabled": false,
            "network_interface": [
              {
                "adapter_type": "vmxnet3",
                "bandwidth_limit": -1,
                "bandwidth_reservation": 0,
                "bandwidth_share_count": 50,
                "bandwidth_share_level": "normal",
                "device_address": "pci:0:7",
                "key": 4000,
                "mac_address": "00:50:56:8d:c7:f9",
                "network_id": "network-12",
                "use_static_mac": false
              }
            ],
            "num_cores_per_socket": 1,
            "num_cpus": 4,
            "reboot_required": false,
            "resource_pool_id": "resgroup-20",
            "run_tools_scripts_after_power_on": true,
            "run_tools_scripts_after_resume": true,
            "run_tools_scripts_before_guest_reboot": false,
            "run_tools_scripts_before_guest_shutdown": true,
            "run_tools_scripts_before_guest_standby": true,
            "scsi_bus_sharing": "noSharing",
            "scsi_controller_count": 1,
            "scsi_type": "pvscsi",
            "shutdown_wait_timeout": 3,
            "swap_placement_policy": "inherit",
            "sync_time_with_host": false,
            "tags": null,
            "uuid": "420d9cc2-840b-e6a0-e493-f2de947674ec",
            "vapp": [],
            "vapp_transport": [],
            "vmware_tools_status": "guestToolsRunning",
            "vmx_path": "master1/master1.vmx",
            "wait_for_guest_ip_timeout": 0,
            "wait_for_guest_net_routable": true,
            "wait_for_guest_net_timeout": 5
          },
          "private": "eyJzY2hlbWFfdmVyc2lvbiI6IjMifQ==",
          "depends_on": [
            "data.vsphere_datastore.datastore",
            "data.vsphere_network.network",
            "data.vsphere_resource_pool.pool",
            "data.vsphere_virtual_machine.rheltpl"
          ]
        },
        {
          "index_key": 1,
          "schema_version": 3,
          "attributes": {
            "alternate_guest_name": "",
            "annotation": "",
            "boot_delay": 0,
            "boot_retry_delay": 10000,
            "boot_retry_enabled": false,
            "cdrom": [],
            "change_version": "2019-10-14T20:18:08.95698Z",
            "clone": [
              {
                "customize": [
                  {
                    "dns_server_list": [
                      "192.168.1.10"
                    ],
                    "dns_suffix_list": [
                      "home.lab"
                    ],
                    "ipv4_gateway": "192.168.1.1",
                    "ipv6_gateway": "",
                    "linux_options": [
                      {
                        "domain": "home.lab",
                        "host_name": "master2",
                        "hw_clock_utc": true,
                        "time_zone": ""
                      }
                    ],
                    "network_interface": [
                      {
                        "dns_domain": "",
                        "dns_server_list": null,
                        "ipv4_address": "192.168.1.17",
                        "ipv4_netmask": 24,
                        "ipv6_address": "",
                        "ipv6_netmask": 0
                      }
                    ],
                    "timeout": 10,
                    "windows_options": [],
                    "windows_sysprep_text": ""
                  }
                ],
                "linked_clone": false,
                "template_uuid": "564dc512-4642-46b3-ed40-d2f0a42a4f46",
                "timeout": 30
              }
            ],
            "cpu_hot_add_enabled": false,
            "cpu_hot_remove_enabled": false,
            "cpu_limit": -1,
            "cpu_performance_counters_enabled": false,
            "cpu_reservation": 0,
            "cpu_share_count": 4000,
            "cpu_share_level": "normal",
            "custom_attributes": null,
            "datastore_cluster_id": null,
            "datastore_id": "datastore-11",
            "default_ip_address": "192.168.1.17",
            "disk": [
              {
                "attach": false,
                "datastore_id": "datastore-11",
                "device_address": "scsi:0:0",
                "disk_mode": "persistent",
                "disk_sharing": "sharingNone",
                "eagerly_scrub": false,
                "io_limit": -1,
                "io_reservation": 0,
                "io_share_count": 1000,
                "io_share_level": "normal",
                "keep_on_remove": false,
                "key": 2000,
                "label": "disk0",
                "name": "",
                "path": "master2/master2.vmdk",
                "size": 30,
                "thin_provisioned": false,
                "unit_number": 0,
                "uuid": "6000C293-9b59-275e-5da9-6b2fdfd4583c",
                "write_through": false
              },
              {
                "attach": false,
                "datastore_id": "datastore-11",
                "device_address": "scsi:0:1",
                "disk_mode": "persistent",
                "disk_sharing": "sharingNone",
                "eagerly_scrub": false,
                "io_limit": -1,
                "io_reservation": 0,
                "io_share_count": 1000,
                "io_share_level": "normal",
                "keep_on_remove": false,
                "key": 2001,
                "label": "disk1",
                "name": "",
                "path": "master2/master2_1.vmdk",
                "size": 25,
                "thin_provisioned": true,
                "unit_number": 1,
                "uuid": "6000C29d-0985-ee85-7447-7cfa1b16678c",
                "write_through": false
              }
            ],
            "efi_secure_boot_enabled": false,
            "enable_disk_uuid": false,
            "enable_logging": false,
            "ept_rvi_mode": "automatic",
            "extra_config": null,
            "firmware": "bios",
            "folder": "OPENSHIFTv311",
            "force_power_off": true,
            "guest_id": "rhel7_64Guest",
            "guest_ip_addresses": [
              "192.168.1.17",
              "fe80::250:56ff:fe8d:3f53"
            ],
            "host_system_id": "host-10",
            "hv_mode": "hvAuto",
            "id": "420d91c5-2687-c15e-c2dd-09a7ea326260",
            "ignored_guest_ips": null,
            "imported": null,
            "latency_sensitivity": "normal",
            "memory": 16384,
            "memory_hot_add_enabled": false,
            "memory_limit": -1,
            "memory_reservation": 0,
            "memory_share_count": 163840,
            "memory_share_level": "normal",
            "migrate_wait_timeout": 30,
            "moid": "vm-96",
            "name": "master2",
            "nested_hv_enabled": false,
            "network_interface": [
              {
                "adapter_type": "vmxnet3",
                "bandwidth_limit": -1,
                "bandwidth_reservation": 0,
                "bandwidth_share_count": 50,
                "bandwidth_share_level": "normal",
                "device_address": "pci:0:7",
                "key": 4000,
                "mac_address": "00:50:56:8d:3f:53",
                "network_id": "network-12",
                "use_static_mac": false
              }
            ],
            "num_cores_per_socket": 1,
            "num_cpus": 4,
            "reboot_required": false,
            "resource_pool_id": "resgroup-20",
            "run_tools_scripts_after_power_on": true,
            "run_tools_scripts_after_resume": true,
            "run_tools_scripts_before_guest_reboot": false,
            "run_tools_scripts_before_guest_shutdown": true,
            "run_tools_scripts_before_guest_standby": true,
            "scsi_bus_sharing": "noSharing",
            "scsi_controller_count": 1,
            "scsi_type": "pvscsi",
            "shutdown_wait_timeout": 3,
            "swap_placement_policy": "inherit",
            "sync_time_with_host": false,
            "tags": null,
            "uuid": "420d91c5-2687-c15e-c2dd-09a7ea326260",
            "vapp": [],
            "vapp_transport": [],
            "vmware_tools_status": "guestToolsRunning",
            "vmx_path": "master2/master2.vmx",
            "wait_for_guest_ip_timeout": 0,
            "wait_for_guest_net_routable": true,
            "wait_for_guest_net_timeout": 5
          },
          "private": "eyJzY2hlbWFfdmVyc2lvbiI6IjMifQ==",
          "depends_on": [
            "data.vsphere_datastore.datastore",
            "data.vsphere_network.network",
            "data.vsphere_resource_pool.pool",
            "data.vsphere_virtual_machine.rheltpl"
          ]
        },
        {
          "index_key": 2,
          "schema_version": 3,
          "attributes": {
            "alternate_guest_name": "",
            "annotation": "",
            "boot_delay": 0,
            "boot_retry_delay": 10000,
            "boot_retry_enabled": false,
            "cdrom": [],
            "change_version": "2019-10-14T20:12:12.495742Z",
            "clone": [
              {
                "customize": [
                  {
                    "dns_server_list": [
                      "192.168.1.10"
                    ],
                    "dns_suffix_list": [
                      "home.lab"
                    ],
                    "ipv4_gateway": "192.168.1.1",
                    "ipv6_gateway": "",
                    "linux_options": [
                      {
                        "domain": "home.lab",
                        "host_name": "master3",
                        "hw_clock_utc": true,
                        "time_zone": ""
                      }
                    ],
                    "network_interface": [
                      {
                        "dns_domain": "",
                        "dns_server_list": null,
                        "ipv4_address": "192.168.1.18",
                        "ipv4_netmask": 24,
                        "ipv6_address": "",
                        "ipv6_netmask": 0
                      }
                    ],
                    "timeout": 10,
                    "windows_options": [],
                    "windows_sysprep_text": ""
                  }
                ],
                "linked_clone": false,
                "template_uuid": "564dc512-4642-46b3-ed40-d2f0a42a4f46",
                "timeout": 30
              }
            ],
            "cpu_hot_add_enabled": false,
            "cpu_hot_remove_enabled": false,
            "cpu_limit": -1,
            "cpu_performance_counters_enabled": false,
            "cpu_reservation": 0,
            "cpu_share_count": 4000,
            "cpu_share_level": "normal",
            "custom_attributes": null,
            "datastore_cluster_id": null,
            "datastore_id": "datastore-11",
            "default_ip_address": "192.168.1.18",
            "disk": [
              {
                "attach": false,
                "datastore_id": "datastore-11",
                "device_address": "scsi:0:0",
                "disk_mode": "persistent",
                "disk_sharing": "sharingNone",
                "eagerly_scrub": false,
                "io_limit": -1,
                "io_reservation": 0,
                "io_share_count": 1000,
                "io_share_level": "normal",
                "keep_on_remove": false,
                "key": 2000,
                "label": "disk0",
                "name": "",
                "path": "master3/master3.vmdk",
                "size": 30,
                "thin_provisioned": false,
                "unit_number": 0,
                "uuid": "6000C29f-63ce-bec0-31d1-ba4639813278",
                "write_through": false
              },
              {
                "attach": false,
                "datastore_id": "datastore-11",
                "device_address": "scsi:0:1",
                "disk_mode": "persistent",
                "disk_sharing": "sharingNone",
                "eagerly_scrub": false,
                "io_limit": -1,
                "io_reservation": 0,
                "io_share_count": 1000,
                "io_share_level": "normal",
                "keep_on_remove": false,
                "key": 2001,
                "label": "disk1",
                "name": "",
                "path": "master3/master3_1.vmdk",
                "size": 25,
                "thin_provisioned": true,
                "unit_number": 1,
                "uuid": "6000C294-6101-9bf8-7941-841b5fe653d1",
                "write_through": false
              }
            ],
            "efi_secure_boot_enabled": false,
            "enable_disk_uuid": false,
            "enable_logging": false,
            "ept_rvi_mode": "automatic",
            "extra_config": null,
            "firmware": "bios",
            "folder": "OPENSHIFTv311",
            "force_power_off": true,
            "guest_id": "rhel7_64Guest",
            "guest_ip_addresses": [
              "192.168.1.18",
              "fe80::250:56ff:fe8d:6bb4"
            ],
            "host_system_id": "host-10",
            "hv_mode": "hvAuto",
            "id": "420da9cb-5276-d067-bed5-6fc0455ec3fb",
            "ignored_guest_ips": null,
            "imported": null,
            "latency_sensitivity": "normal",
            "memory": 16384,
            "memory_hot_add_enabled": false,
            "memory_limit": -1,
            "memory_reservation": 0,
            "memory_share_count": 163840,
            "memory_share_level": "normal",
            "migrate_wait_timeout": 30,
            "moid": "vm-87",
            "name": "master3",
            "nested_hv_enabled": false,
            "network_interface": [
              {
                "adapter_type": "vmxnet3",
                "bandwidth_limit": -1,
                "bandwidth_reservation": 0,
                "bandwidth_share_count": 50,
                "bandwidth_share_level": "normal",
                "device_address": "pci:0:7",
                "key": 4000,
                "mac_address": "00:50:56:8d:6b:b4",
                "network_id": "network-12",
                "use_static_mac": false
              }
            ],
            "num_cores_per_socket": 1,
            "num_cpus": 4,
            "reboot_required": false,
            "resource_pool_id": "resgroup-20",
            "run_tools_scripts_after_power_on": true,
            "run_tools_scripts_after_resume": true,
            "run_tools_scripts_before_guest_reboot": false,
            "run_tools_scripts_before_guest_shutdown": true,
            "run_tools_scripts_before_guest_standby": true,
            "scsi_bus_sharing": "noSharing",
            "scsi_controller_count": 1,
            "scsi_type": "pvscsi",
            "shutdown_wait_timeout": 3,
            "swap_placement_policy": "inherit",
            "sync_time_with_host": false,
            "tags": null,
            "uuid": "420da9cb-5276-d067-bed5-6fc0455ec3fb",
            "vapp": [],
            "vapp_transport": [],
            "vmware_tools_status": "guestToolsRunning",
            "vmx_path": "master3/master3.vmx",
            "wait_for_guest_ip_timeout": 0,
            "wait_for_guest_net_routable": true,
            "wait_for_guest_net_timeout": 5
          },
          "private": "eyJzY2hlbWFfdmVyc2lvbiI6IjMifQ==",
          "depends_on": [
            "data.vsphere_datastore.datastore",
            "data.vsphere_network.network",
            "data.vsphere_resource_pool.pool",
            "data.vsphere_virtual_machine.rheltpl"
          ]
        }
      ]
    }
  ]
}
